// !$*UTF8*$!
{
	archiveVersion = 1;
	classes = {
	};
	objectVersion = 46;
	objects = {

/* Begin PBXBuildFile section */
		349F43C41E505AE100A905FE /* Newitem.storyboard in Resources */ = {isa = PBXBuildFile; fileRef = 349F43C31E505AE100A905FE /* Newitem.storyboard */; };
		349F43DA1E54EB3E00A905FE /* UserApiRepository.swift in Sources */ = {isa = PBXBuildFile; fileRef = 349F43D91E54EB3E00A905FE /* UserApiRepository.swift */; };
		349F43DC1E54EB4E00A905FE /* UserDataBaseRepository.swift in Sources */ = {isa = PBXBuildFile; fileRef = 349F43DB1E54EB4E00A905FE /* UserDataBaseRepository.swift */; };
		349F43DF1E54EBB800A905FE /* JSONDecodable.swift in Sources */ = {isa = PBXBuildFile; fileRef = 349F43DD1E54EBB800A905FE /* JSONDecodable.swift */; };
		349F43E01E54EBB800A905FE /* JSONDecodingError.swift in Sources */ = {isa = PBXBuildFile; fileRef = 349F43DE1E54EBB800A905FE /* JSONDecodingError.swift */; };
		349F43E21E54EBEB00A905FE /* UserModel.swift in Sources */ = {isa = PBXBuildFile; fileRef = 349F43E11E54EBEB00A905FE /* UserModel.swift */; };
		349F43E41E54EC2B00A905FE /* UserModelStruct.swift in Sources */ = {isa = PBXBuildFile; fileRef = 349F43E31E54EC2B00A905FE /* UserModelStruct.swift */; };
		349F43E61E54EC3B00A905FE /* UserModelStruct+JSONDecodable.swift in Sources */ = {isa = PBXBuildFile; fileRef = 349F43E51E54EC3B00A905FE /* UserModelStruct+JSONDecodable.swift */; };
		349F43EE1E54EEDE00A905FE /* UserDetailViewController.swift in Sources */ = {isa = PBXBuildFile; fileRef = 349F43ED1E54EEDE00A905FE /* UserDetailViewController.swift */; };
		349F43F01E54F20700A905FE /* LoginViewModel.swift in Sources */ = {isa = PBXBuildFile; fileRef = 349F43EF1E54F20700A905FE /* LoginViewModel.swift */; };
		349F43F21E54F21400A905FE /* UserDetailViewModel.swift in Sources */ = {isa = PBXBuildFile; fileRef = 349F43F11E54F21400A905FE /* UserDetailViewModel.swift */; };
		349F43FA1E54F33500A905FE /* Podfile in Resources */ = {isa = PBXBuildFile; fileRef = 349F43F91E54F33500A905FE /* Podfile */; };
		349F44001E55015100A905FE /* ApiPaths.swift in Sources */ = {isa = PBXBuildFile; fileRef = 349F43FF1E55015100A905FE /* ApiPaths.swift */; };
		34B844FA1E3BBC4D00410E6A /* AppDelegate.swift in Sources */ = {isa = PBXBuildFile; fileRef = 34B844F91E3BBC4D00410E6A /* AppDelegate.swift */; };
		34B845041E3BBC4D00410E6A /* LaunchScreen.storyboard in Resources */ = {isa = PBXBuildFile; fileRef = 34B845021E3BBC4D00410E6A /* LaunchScreen.storyboard */; };
		34B8450F1E3BBC4D00410E6A /* pickandgol_iosTests.swift in Sources */ = {isa = PBXBuildFile; fileRef = 34B8450E1E3BBC4D00410E6A /* pickandgol_iosTests.swift */; };
		34B845431E3BDDEF00410E6A /* Main.storyboard in Resources */ = {isa = PBXBuildFile; fileRef = 34B845421E3BDDEF00410E6A /* Main.storyboard */; };
		34B845571E3CA49000410E6A /* Timeline.storyboard in Resources */ = {isa = PBXBuildFile; fileRef = 34B845561E3CA49000410E6A /* Timeline.storyboard */; };
		34B845591E3CA49800410E6A /* Map.storyboard in Resources */ = {isa = PBXBuildFile; fileRef = 34B845581E3CA49800410E6A /* Map.storyboard */; };
		34B8455F1E3CD91A00410E6A /* Notifications.storyboard in Resources */ = {isa = PBXBuildFile; fileRef = 34B8455E1E3CD91A00410E6A /* Notifications.storyboard */; };
		34B845611E3CD92100410E6A /* User.storyboard in Resources */ = {isa = PBXBuildFile; fileRef = 34B845601E3CD92000410E6A /* User.storyboard */; };
		34B845631E3CD93300410E6A /* Login.storyboard in Resources */ = {isa = PBXBuildFile; fileRef = 34B845621E3CD93300410E6A /* Login.storyboard */; };
		34B845651E3CFDCD00410E6A /* Assets.xcassets in Resources */ = {isa = PBXBuildFile; fileRef = 34B845641E3CFDCD00410E6A /* Assets.xcassets */; };
		34B8456B1E3D1F0D00410E6A /* LoginViewController.swift in Sources */ = {isa = PBXBuildFile; fileRef = 34B8456A1E3D1F0D00410E6A /* LoginViewController.swift */; };
		34B8456D1E3D229100410E6A /* UIStoryboard+Storyboard.swift in Sources */ = {isa = PBXBuildFile; fileRef = 34B8456C1E3D229100410E6A /* UIStoryboard+Storyboard.swift */; };
		34B8456F1E3D264F00410E6A /* PruebaInstatiateVC.swift in Sources */ = {isa = PBXBuildFile; fileRef = 34B8456E1E3D264F00410E6A /* PruebaInstatiateVC.swift */; };
		34D952381E59AF8C00410032 /* RegisterViewController.swift in Sources */ = {isa = PBXBuildFile; fileRef = 34D952371E59AF8B00410032 /* RegisterViewController.swift */; };
		34D9523A1E59B1B800410032 /* MainLoginViewController.swift in Sources */ = {isa = PBXBuildFile; fileRef = 34D952391E59B1B800410032 /* MainLoginViewController.swift */; };
		34D9523C1E59B35800410032 /* RegisterViewModel.swift in Sources */ = {isa = PBXBuildFile; fileRef = 34D9523B1E59B35800410032 /* RegisterViewModel.swift */; };
		34E70B551E64B50D00430649 /* UITextField+isValid.swift in Sources */ = {isa = PBXBuildFile; fileRef = 34E70B541E64B50D00430649 /* UITextField+isValid.swift */; };
		4925ADBB9C14A57292BE6DA2 /* Pods_pickandgol_ios.framework in Frameworks */ = {isa = PBXBuildFile; fileRef = 2AEE5AA2C33B69F6A907567B /* Pods_pickandgol_ios.framework */; };
		A910A8071E5A35F5003FBF84 /* EventApiRespository.swift in Sources */ = {isa = PBXBuildFile; fileRef = A910A8061E5A35F5003FBF84 /* EventApiRespository.swift */; };
		A910A8091E5A4619003FBF84 /* NotificationViewController.swift in Sources */ = {isa = PBXBuildFile; fileRef = A910A8081E5A4619003FBF84 /* NotificationViewController.swift */; };
		A921BB6F1E5C51A800EF3872 /* Client.swift in Sources */ = {isa = PBXBuildFile; fileRef = A921BB6E1E5C51A800EF3872 /* Client.swift */; };
		A921BB711E5C548400EF3872 /* Response.swift in Sources */ = {isa = PBXBuildFile; fileRef = A921BB701E5C548400EF3872 /* Response.swift */; };
		A921BB731E5C694400EF3872 /* Client+EventApi.swift in Sources */ = {isa = PBXBuildFile; fileRef = A921BB721E5C694400EF3872 /* Client+EventApi.swift */; };
		A921BB751E5C69D400EF3872 /* EventApi.swift in Sources */ = {isa = PBXBuildFile; fileRef = A921BB741E5C69D400EF3872 /* EventApi.swift */; };
		A95C7F501E6B373E00765023 /* TimelineCollectionViewCell.swift in Sources */ = {isa = PBXBuildFile; fileRef = A95C7F4F1E6B373E00765023 /* TimelineCollectionViewCell.swift */; };
		A97D41D91E5F4418004E9F90 /* TimelineViewModel.swift in Sources */ = {isa = PBXBuildFile; fileRef = A97D41D81E5F4418004E9F90 /* TimelineViewModel.swift */; };
		A97D41DB1E5F4624004E9F90 /* TimelineViewController.swift in Sources */ = {isa = PBXBuildFile; fileRef = A97D41DA1E5F4624004E9F90 /* TimelineViewController.swift */; };
		A9E0FD3C1E5B373C008512B3 /* NetWorkResource.swift in Sources */ = {isa = PBXBuildFile; fileRef = A9E0FD3B1E5B373C008512B3 /* NetWorkResource.swift */; };

/* End PBXBuildFile section */

/* Begin PBXContainerItemProxy section */
		34B8450B1E3BBC4D00410E6A /* PBXContainerItemProxy */ = {
			isa = PBXContainerItemProxy;
			containerPortal = 34B844EE1E3BBC4D00410E6A /* Project object */;
			proxyType = 1;
			remoteGlobalIDString = 34B844F51E3BBC4D00410E6A;
			remoteInfo = pickandgol_ios;
		};
/* End PBXContainerItemProxy section */

/* Begin PBXFileReference section */
		0A49134A72C14DBC17BD53D8 /* Pods_pickandgol_iosTests.framework */ = {isa = PBXFileReference; explicitFileType = wrapper.framework; includeInIndex = 0; path = Pods_pickandgol_iosTests.framework; sourceTree = BUILT_PRODUCTS_DIR; };
		2ABFDB01C706FE97FCEAAF0F /* Pods-pickandgol_ios.release.xcconfig */ = {isa = PBXFileReference; includeInIndex = 1; lastKnownFileType = text.xcconfig; name = "Pods-pickandgol_ios.release.xcconfig"; path = "Pods/Target Support Files/Pods-pickandgol_ios/Pods-pickandgol_ios.release.xcconfig"; sourceTree = "<group>"; };
		2AEE5AA2C33B69F6A907567B /* Pods_pickandgol_ios.framework */ = {isa = PBXFileReference; explicitFileType = wrapper.framework; includeInIndex = 0; path = Pods_pickandgol_ios.framework; sourceTree = BUILT_PRODUCTS_DIR; };
		349F43C31E505AE100A905FE /* Newitem.storyboard */ = {isa = PBXFileReference; fileEncoding = 4; lastKnownFileType = file.storyboard; path = Newitem.storyboard; sourceTree = "<group>"; };
		349F43D91E54EB3E00A905FE /* UserApiRepository.swift */ = {isa = PBXFileReference; fileEncoding = 4; lastKnownFileType = sourcecode.swift; path = UserApiRepository.swift; sourceTree = "<group>"; };
		349F43DB1E54EB4E00A905FE /* UserDataBaseRepository.swift */ = {isa = PBXFileReference; fileEncoding = 4; lastKnownFileType = sourcecode.swift; path = UserDataBaseRepository.swift; sourceTree = "<group>"; };
		349F43DD1E54EBB800A905FE /* JSONDecodable.swift */ = {isa = PBXFileReference; fileEncoding = 4; lastKnownFileType = sourcecode.swift; path = JSONDecodable.swift; sourceTree = "<group>"; };
		349F43DE1E54EBB800A905FE /* JSONDecodingError.swift */ = {isa = PBXFileReference; fileEncoding = 4; lastKnownFileType = sourcecode.swift; path = JSONDecodingError.swift; sourceTree = "<group>"; };
		349F43E11E54EBEB00A905FE /* UserModel.swift */ = {isa = PBXFileReference; fileEncoding = 4; lastKnownFileType = sourcecode.swift; path = UserModel.swift; sourceTree = "<group>"; };
		349F43E31E54EC2B00A905FE /* UserModelStruct.swift */ = {isa = PBXFileReference; fileEncoding = 4; lastKnownFileType = sourcecode.swift; path = UserModelStruct.swift; sourceTree = "<group>"; };
		349F43E51E54EC3B00A905FE /* UserModelStruct+JSONDecodable.swift */ = {isa = PBXFileReference; fileEncoding = 4; lastKnownFileType = sourcecode.swift; path = "UserModelStruct+JSONDecodable.swift"; sourceTree = "<group>"; };
		349F43ED1E54EEDE00A905FE /* UserDetailViewController.swift */ = {isa = PBXFileReference; fileEncoding = 4; lastKnownFileType = sourcecode.swift; path = UserDetailViewController.swift; sourceTree = "<group>"; };
		349F43EF1E54F20700A905FE /* LoginViewModel.swift */ = {isa = PBXFileReference; fileEncoding = 4; lastKnownFileType = sourcecode.swift; path = LoginViewModel.swift; sourceTree = "<group>"; };
		349F43F11E54F21400A905FE /* UserDetailViewModel.swift */ = {isa = PBXFileReference; fileEncoding = 4; lastKnownFileType = sourcecode.swift; path = UserDetailViewModel.swift; sourceTree = "<group>"; };
		349F43F91E54F33500A905FE /* Podfile */ = {isa = PBXFileReference; fileEncoding = 4; lastKnownFileType = text; path = Podfile; sourceTree = "<group>"; };
		349F43FF1E55015100A905FE /* ApiPaths.swift */ = {isa = PBXFileReference; fileEncoding = 4; lastKnownFileType = sourcecode.swift; path = ApiPaths.swift; sourceTree = "<group>"; };
		34B844F61E3BBC4D00410E6A /* pickandgol_ios.app */ = {isa = PBXFileReference; explicitFileType = wrapper.application; includeInIndex = 0; path = pickandgol_ios.app; sourceTree = BUILT_PRODUCTS_DIR; };
		34B844F91E3BBC4D00410E6A /* AppDelegate.swift */ = {isa = PBXFileReference; lastKnownFileType = sourcecode.swift; path = AppDelegate.swift; sourceTree = "<group>"; };
		34B845031E3BBC4D00410E6A /* Base */ = {isa = PBXFileReference; lastKnownFileType = file.storyboard; name = Base; path = Base.lproj/LaunchScreen.storyboard; sourceTree = "<group>"; };
		34B845051E3BBC4D00410E6A /* Info.plist */ = {isa = PBXFileReference; lastKnownFileType = text.plist.xml; path = Info.plist; sourceTree = "<group>"; };
		34B8450A1E3BBC4D00410E6A /* pickandgol_iosTests.xctest */ = {isa = PBXFileReference; explicitFileType = wrapper.cfbundle; includeInIndex = 0; path = pickandgol_iosTests.xctest; sourceTree = BUILT_PRODUCTS_DIR; };
		34B8450E1E3BBC4D00410E6A /* pickandgol_iosTests.swift */ = {isa = PBXFileReference; lastKnownFileType = sourcecode.swift; path = pickandgol_iosTests.swift; sourceTree = "<group>"; };
		34B845101E3BBC4D00410E6A /* Info.plist */ = {isa = PBXFileReference; lastKnownFileType = text.plist.xml; path = Info.plist; sourceTree = "<group>"; };
		34B845421E3BDDEF00410E6A /* Main.storyboard */ = {isa = PBXFileReference; fileEncoding = 4; lastKnownFileType = file.storyboard; path = Main.storyboard; sourceTree = "<group>"; };
		34B845561E3CA49000410E6A /* Timeline.storyboard */ = {isa = PBXFileReference; fileEncoding = 4; lastKnownFileType = file.storyboard; path = Timeline.storyboard; sourceTree = "<group>"; };
		34B845581E3CA49800410E6A /* Map.storyboard */ = {isa = PBXFileReference; fileEncoding = 4; lastKnownFileType = file.storyboard; path = Map.storyboard; sourceTree = "<group>"; };
		34B8455E1E3CD91A00410E6A /* Notifications.storyboard */ = {isa = PBXFileReference; fileEncoding = 4; lastKnownFileType = file.storyboard; path = Notifications.storyboard; sourceTree = "<group>"; };
		34B845601E3CD92000410E6A /* User.storyboard */ = {isa = PBXFileReference; fileEncoding = 4; lastKnownFileType = file.storyboard; path = User.storyboard; sourceTree = "<group>"; };
		34B845621E3CD93300410E6A /* Login.storyboard */ = {isa = PBXFileReference; fileEncoding = 4; lastKnownFileType = file.storyboard; path = Login.storyboard; sourceTree = "<group>"; };
		34B845641E3CFDCD00410E6A /* Assets.xcassets */ = {isa = PBXFileReference; lastKnownFileType = folder.assetcatalog; path = Assets.xcassets; sourceTree = "<group>"; };
		34B8456A1E3D1F0D00410E6A /* LoginViewController.swift */ = {isa = PBXFileReference; fileEncoding = 4; lastKnownFileType = sourcecode.swift; path = LoginViewController.swift; sourceTree = "<group>"; };
		34B8456C1E3D229100410E6A /* UIStoryboard+Storyboard.swift */ = {isa = PBXFileReference; fileEncoding = 4; lastKnownFileType = sourcecode.swift; path = "UIStoryboard+Storyboard.swift"; sourceTree = "<group>"; };
		34B8456E1E3D264F00410E6A /* PruebaInstatiateVC.swift */ = {isa = PBXFileReference; fileEncoding = 4; lastKnownFileType = sourcecode.swift; path = PruebaInstatiateVC.swift; sourceTree = "<group>"; };
		34D952371E59AF8B00410032 /* RegisterViewController.swift */ = {isa = PBXFileReference; fileEncoding = 4; lastKnownFileType = sourcecode.swift; path = RegisterViewController.swift; sourceTree = "<group>"; };
		34D952391E59B1B800410032 /* MainLoginViewController.swift */ = {isa = PBXFileReference; fileEncoding = 4; lastKnownFileType = sourcecode.swift; path = MainLoginViewController.swift; sourceTree = "<group>"; };
		34D9523B1E59B35800410032 /* RegisterViewModel.swift */ = {isa = PBXFileReference; fileEncoding = 4; lastKnownFileType = sourcecode.swift; path = RegisterViewModel.swift; sourceTree = "<group>"; };
		34E70B541E64B50D00430649 /* UITextField+isValid.swift */ = {isa = PBXFileReference; fileEncoding = 4; lastKnownFileType = sourcecode.swift; path = "UITextField+isValid.swift"; sourceTree = "<group>"; };
		65B20C08AA10E8CE98B79D52 /* Pods-pickandgol_ios.debug.xcconfig */ = {isa = PBXFileReference; includeInIndex = 1; lastKnownFileType = text.xcconfig; name = "Pods-pickandgol_ios.debug.xcconfig"; path = "Pods/Target Support Files/Pods-pickandgol_ios/Pods-pickandgol_ios.debug.xcconfig"; sourceTree = "<group>"; };
		A910A8061E5A35F5003FBF84 /* EventApiRespository.swift */ = {isa = PBXFileReference; fileEncoding = 4; lastKnownFileType = sourcecode.swift; path = EventApiRespository.swift; sourceTree = "<group>"; };
		A910A8081E5A4619003FBF84 /* NotificationViewController.swift */ = {isa = PBXFileReference; fileEncoding = 4; lastKnownFileType = sourcecode.swift; path = NotificationViewController.swift; sourceTree = "<group>"; };
		A921BB6E1E5C51A800EF3872 /* Client.swift */ = {isa = PBXFileReference; fileEncoding = 4; lastKnownFileType = sourcecode.swift; path = Client.swift; sourceTree = "<group>"; };
		A921BB701E5C548400EF3872 /* Response.swift */ = {isa = PBXFileReference; fileEncoding = 4; lastKnownFileType = sourcecode.swift; path = Response.swift; sourceTree = "<group>"; };
		A921BB721E5C694400EF3872 /* Client+EventApi.swift */ = {isa = PBXFileReference; fileEncoding = 4; lastKnownFileType = sourcecode.swift; path = "Client+EventApi.swift"; sourceTree = "<group>"; };
		A921BB741E5C69D400EF3872 /* EventApi.swift */ = {isa = PBXFileReference; fileEncoding = 4; lastKnownFileType = sourcecode.swift; path = EventApi.swift; sourceTree = "<group>"; };
		A95C7F4F1E6B373E00765023 /* TimelineCollectionViewCell.swift */ = {isa = PBXFileReference; fileEncoding = 4; lastKnownFileType = sourcecode.swift; path = TimelineCollectionViewCell.swift; sourceTree = "<group>"; };
		A97D41D81E5F4418004E9F90 /* TimelineViewModel.swift */ = {isa = PBXFileReference; fileEncoding = 4; lastKnownFileType = sourcecode.swift; path = TimelineViewModel.swift; sourceTree = "<group>"; };
		A97D41DA1E5F4624004E9F90 /* TimelineViewController.swift */ = {isa = PBXFileReference; fileEncoding = 4; lastKnownFileType = sourcecode.swift; path = TimelineViewController.swift; sourceTree = "<group>"; };
		A9E0FD3B1E5B373C008512B3 /* NetWorkResource.swift */ = {isa = PBXFileReference; fileEncoding = 4; lastKnownFileType = sourcecode.swift; path = NetWorkResource.swift; sourceTree = "<group>"; };
/* End PBXFileReference section */

/* Begin PBXFrameworksBuildPhase section */
		34B844F31E3BBC4D00410E6A /* Frameworks */ = {
			isa = PBXFrameworksBuildPhase;
			buildActionMask = 2147483647;
			files = (
				4925ADBB9C14A57292BE6DA2 /* Pods_pickandgol_ios.framework in Frameworks */,
			);
			runOnlyForDeploymentPostprocessing = 0;
		};
		34B845071E3BBC4D00410E6A /* Frameworks */ = {
			isa = PBXFrameworksBuildPhase;
			buildActionMask = 2147483647;
			files = (
			);
			runOnlyForDeploymentPostprocessing = 0;
		};
/* End PBXFrameworksBuildPhase section */

/* Begin PBXGroup section */
		12586F0DCF7EE65C39A480DC /* Frameworks */ = {
			isa = PBXGroup;
			children = (
				2AEE5AA2C33B69F6A907567B /* Pods_pickandgol_ios.framework */,
				0A49134A72C14DBC17BD53D8 /* Pods_pickandgol_iosTests.framework */,
			);
			name = Frameworks;
			sourceTree = "<group>";
		};
		349F43C51E505DC900A905FE /* Muestra */ = {
			isa = PBXGroup;
			children = (
				34B8456E1E3D264F00410E6A /* PruebaInstatiateVC.swift */,
			);
			name = Muestra;
			sourceTree = "<group>";
		};
		349F43D21E54EA9200A905FE /* Repository */ = {
			isa = PBXGroup;
			children = (
				349F43FF1E55015100A905FE /* ApiPaths.swift */,
				349F43D31E54EAB500A905FE /* User */,
				349F43D51E54EAC400A905FE /* Pub */,
				349F43D41E54EABA00A905FE /* Event */,
			);
			name = Repository;
			sourceTree = "<group>";
		};
		349F43D31E54EAB500A905FE /* User */ = {
			isa = PBXGroup;
			children = (
				349F43D91E54EB3E00A905FE /* UserApiRepository.swift */,
				349F43DB1E54EB4E00A905FE /* UserDataBaseRepository.swift */,
			);
			name = User;
			sourceTree = "<group>";
		};
		349F43D41E54EABA00A905FE /* Event */ = {
			isa = PBXGroup;
			children = (
			);
			name = Event;
			sourceTree = "<group>";
		};
		349F43D51E54EAC400A905FE /* Pub */ = {
			isa = PBXGroup;
			children = (
			);
			name = Pub;
			sourceTree = "<group>";
		};
		349F43D61E54EB0700A905FE /* Event */ = {
			isa = PBXGroup;
			children = (
			);
			name = Event;
			sourceTree = "<group>";
		};
		349F43D71E54EB0900A905FE /* User */ = {
			isa = PBXGroup;
			children = (
				349F43E11E54EBEB00A905FE /* UserModel.swift */,
				349F43E31E54EC2B00A905FE /* UserModelStruct.swift */,
				349F43E51E54EC3B00A905FE /* UserModelStruct+JSONDecodable.swift */,
			);
			name = User;
			sourceTree = "<group>";
		};
		349F43D81E54EB0D00A905FE /* Pub */ = {
			isa = PBXGroup;
			children = (
			);
			name = Pub;
			sourceTree = "<group>";
		};
		349F43E71E54EE7F00A905FE /* Timeline */ = {
			isa = PBXGroup;
			children = (
				A97D41DA1E5F4624004E9F90 /* TimelineViewController.swift */,
				A95C7F4F1E6B373E00765023 /* TimelineCollectionViewCell.swift */,
			);
			name = Timeline;
			sourceTree = "<group>";
		};
		349F43E81E54EE8600A905FE /* Map */ = {
			isa = PBXGroup;
			children = (
			);
			name = Map;
			sourceTree = "<group>";
		};
		349F43E91E54EE8D00A905FE /* Notifications */ = {
			isa = PBXGroup;
			children = (
			);
			name = Notifications;
			sourceTree = "<group>";
		};
		349F43EA1E54EE9300A905FE /* Newitem */ = {
			isa = PBXGroup;
			children = (
			);
			name = Newitem;
			sourceTree = "<group>";
		};
		349F43EB1E54EE9B00A905FE /* Login */ = {
			isa = PBXGroup;
			children = (
				34D952391E59B1B800410032 /* MainLoginViewController.swift */,
				34B8456A1E3D1F0D00410E6A /* LoginViewController.swift */,
				34D952371E59AF8B00410032 /* RegisterViewController.swift */,
			);
			name = Login;
			sourceTree = "<group>";
		};
		349F43EC1E54EEA300A905FE /* User */ = {
			isa = PBXGroup;
			children = (
				349F43ED1E54EEDE00A905FE /* UserDetailViewController.swift */,
			);
			name = User;
			sourceTree = "<group>";
		};
		349F43F31E54F23700A905FE /* Timeline */ = {
			isa = PBXGroup;
			children = (
			);
			name = Timeline;
			sourceTree = "<group>";
		};
		349F43F41E54F23D00A905FE /* Map */ = {
			isa = PBXGroup;
			children = (
			);
			name = Map;
			sourceTree = "<group>";
		};
		349F43F51E54F24400A905FE /* Newitem */ = {
			isa = PBXGroup;
			children = (
			);
			name = Newitem;
			sourceTree = "<group>";
		};
		349F43F61E54F25900A905FE /* User */ = {
			isa = PBXGroup;
			children = (
				349F43F11E54F21400A905FE /* UserDetailViewModel.swift */,
			);
			name = User;
			sourceTree = "<group>";
		};
		349F43F71E54F25E00A905FE /* Notifications */ = {
			isa = PBXGroup;
			children = (
			);
			name = Notifications;
			sourceTree = "<group>";
		};
		349F43F81E54F26400A905FE /* Login */ = {
			isa = PBXGroup;
			children = (
				349F43EF1E54F20700A905FE /* LoginViewModel.swift */,
				34D9523B1E59B35800410032 /* RegisterViewModel.swift */,
			);
			name = Login;
			sourceTree = "<group>";
		};
		349F44011E562ED400A905FE /* Custom */ = {
			isa = PBXGroup;
			children = (
				349F44021E562EE700A905FE /* Protocols */,
				34B8451D1E3BBE1B00410E6A /* Extensions */,
			);
			name = Custom;
			sourceTree = "<group>";
		};
		349F44021E562EE700A905FE /* Protocols */ = {
			isa = PBXGroup;
			children = (
				349F43DD1E54EBB800A905FE /* JSONDecodable.swift */,
				349F43DE1E54EBB800A905FE /* JSONDecodingError.swift */,
			);
			name = Protocols;
			sourceTree = "<group>";
		};
		34B844ED1E3BBC4D00410E6A = {
			isa = PBXGroup;
			children = (
				34B844F81E3BBC4D00410E6A /* pickandgol_ios */,
				34B8450D1E3BBC4D00410E6A /* pickandgol_iosTests */,
				34B844F71E3BBC4D00410E6A /* Products */,
				7DB1C3CEC5C62560CD04FC67 /* Pods */,
				12586F0DCF7EE65C39A480DC /* Frameworks */,
			);
			sourceTree = "<group>";
		};
		34B844F71E3BBC4D00410E6A /* Products */ = {
			isa = PBXGroup;
			children = (
				34B844F61E3BBC4D00410E6A /* pickandgol_ios.app */,
				34B8450A1E3BBC4D00410E6A /* pickandgol_iosTests.xctest */,
			);
			name = Products;
			sourceTree = "<group>";
		};
		34B844F81E3BBC4D00410E6A /* pickandgol_ios */ = {
			isa = PBXGroup;
			children = (
				34B844F91E3BBC4D00410E6A /* AppDelegate.swift */,
				349F43D21E54EA9200A905FE /* Repository */,
				349F44011E562ED400A905FE /* Custom */,
				34B845191E3BBDE400410E6A /* Models */,
				34B8451C1E3BBDFA00410E6A /* ViewModels */,
				34B8451B1E3BBDF300410E6A /* Controllers */,
				34B8451A1E3BBDEC00410E6A /* Storyboards */,
				34B8451E1E3BBE3500410E6A /* Resources */,
				34B8451F1E3BBE4D00410E6A /* SupportFiles */,
			);
			path = pickandgol_ios;
			sourceTree = "<group>";
		};
		34B8450D1E3BBC4D00410E6A /* pickandgol_iosTests */ = {
			isa = PBXGroup;
			children = (
				34B8450E1E3BBC4D00410E6A /* pickandgol_iosTests.swift */,
				34B845101E3BBC4D00410E6A /* Info.plist */,
			);
			path = pickandgol_iosTests;
			sourceTree = "<group>";
		};
		34B845191E3BBDE400410E6A /* Models */ = {
			isa = PBXGroup;
			children = (
				349F43D71E54EB0900A905FE /* User */,
				349F43D81E54EB0D00A905FE /* Pub */,
				349F43D61E54EB0700A905FE /* Event */,
			);
			name = Models;
			sourceTree = "<group>";
		};
		34B8451A1E3BBDEC00410E6A /* Storyboards */ = {
			isa = PBXGroup;
			children = (
				34B845421E3BDDEF00410E6A /* Main.storyboard */,
				34B845561E3CA49000410E6A /* Timeline.storyboard */,
				34B845581E3CA49800410E6A /* Map.storyboard */,
				349F43C31E505AE100A905FE /* Newitem.storyboard */,
				34B8455E1E3CD91A00410E6A /* Notifications.storyboard */,
				34B845601E3CD92000410E6A /* User.storyboard */,
				34B845621E3CD93300410E6A /* Login.storyboard */,
				34B845021E3BBC4D00410E6A /* LaunchScreen.storyboard */,
			);
			name = Storyboards;
			sourceTree = "<group>";
		};
		34B8451B1E3BBDF300410E6A /* Controllers */ = {
			isa = PBXGroup;
			children = (
				349F43E71E54EE7F00A905FE /* Timeline */,
				349F43E81E54EE8600A905FE /* Map */,
				349F43EA1E54EE9300A905FE /* Newitem */,
				349F43E91E54EE8D00A905FE /* Notifications */,
				349F43EC1E54EEA300A905FE /* User */,
				349F43EB1E54EE9B00A905FE /* Login */,
				349F43C51E505DC900A905FE /* Muestra */,
			);
			name = Controllers;
			sourceTree = "<group>";
		};
		34B8451C1E3BBDFA00410E6A /* ViewModels */ = {
			isa = PBXGroup;
			children = (
				349F43F31E54F23700A905FE /* Timeline */,
				349F43F41E54F23D00A905FE /* Map */,
				349F43F51E54F24400A905FE /* Newitem */,
				349F43F71E54F25E00A905FE /* Notifications */,
				349F43F61E54F25900A905FE /* User */,
				349F43F81E54F26400A905FE /* Login */,
			);
			name = ViewModels;
			sourceTree = "<group>";
		};
		34B8451D1E3BBE1B00410E6A /* Extensions */ = {
			isa = PBXGroup;
			children = (
				34B8456C1E3D229100410E6A /* UIStoryboard+Storyboard.swift */,
				34E70B541E64B50D00430649 /* UITextField+isValid.swift */,
			);
			name = Extensions;
			sourceTree = "<group>";
		};
		34B8451E1E3BBE3500410E6A /* Resources */ = {
			isa = PBXGroup;
			children = (
				34B845641E3CFDCD00410E6A /* Assets.xcassets */,
			);
			name = Resources;
			sourceTree = "<group>";
		};
		34B8451F1E3BBE4D00410E6A /* SupportFiles */ = {
			isa = PBXGroup;
			children = (
				349F43F91E54F33500A905FE /* Podfile */,
				34B845051E3BBC4D00410E6A /* Info.plist */,
			);
			name = SupportFiles;
			sourceTree = "<group>";
		};
		7DB1C3CEC5C62560CD04FC67 /* Pods */ = {
			isa = PBXGroup;
			children = (
				65B20C08AA10E8CE98B79D52 /* Pods-pickandgol_ios.debug.xcconfig */,
				2ABFDB01C706FE97FCEAAF0F /* Pods-pickandgol_ios.release.xcconfig */,
			);
			name = Pods;
			sourceTree = "<group>";
		};
/* End PBXGroup section */

/* Begin PBXNativeTarget section */
		34B844F51E3BBC4D00410E6A /* pickandgol_ios */ = {
			isa = PBXNativeTarget;
			buildConfigurationList = 34B845131E3BBC4D00410E6A /* Build configuration list for PBXNativeTarget "pickandgol_ios" */;
			buildPhases = (
				7997C4F0470AC2FE86EFC689 /* [CP] Check Pods Manifest.lock */,
				34B844F21E3BBC4D00410E6A /* Sources */,
				34B844F31E3BBC4D00410E6A /* Frameworks */,
				34B844F41E3BBC4D00410E6A /* Resources */,
				8DE3D5CF2D5D8CD98AEC4256 /* [CP] Embed Pods Frameworks */,
				3D05D8EF1AAF0AB54A25699E /* [CP] Copy Pods Resources */,
			);
			buildRules = (
			);
			dependencies = (
			);
			name = pickandgol_ios;
			productName = pickandgol_ios;
			productReference = 34B844F61E3BBC4D00410E6A /* pickandgol_ios.app */;
			productType = "com.apple.product-type.application";
		};
		34B845091E3BBC4D00410E6A /* pickandgol_iosTests */ = {
			isa = PBXNativeTarget;
			buildConfigurationList = 34B845161E3BBC4D00410E6A /* Build configuration list for PBXNativeTarget "pickandgol_iosTests" */;
			buildPhases = (
				34B845061E3BBC4D00410E6A /* Sources */,
				34B845071E3BBC4D00410E6A /* Frameworks */,
				34B845081E3BBC4D00410E6A /* Resources */,
			);
			buildRules = (
			);
			dependencies = (
				34B8450C1E3BBC4D00410E6A /* PBXTargetDependency */,
			);
			name = pickandgol_iosTests;
			productName = pickandgol_iosTests;
			productReference = 34B8450A1E3BBC4D00410E6A /* pickandgol_iosTests.xctest */;
			productType = "com.apple.product-type.bundle.unit-test";
		};
/* End PBXNativeTarget section */

/* Begin PBXProject section */
		34B844EE1E3BBC4D00410E6A /* Project object */ = {
			isa = PBXProject;
			attributes = {
				LastSwiftUpdateCheck = 0820;
				LastUpgradeCheck = 0820;
				ORGANIZATIONNAME = pickandgol;
				TargetAttributes = {
					34B844F51E3BBC4D00410E6A = {
						CreatedOnToolsVersion = 8.2.1;
						DevelopmentTeam = CBMDJ4F8QJ;
						ProvisioningStyle = Automatic;
					};
					34B845091E3BBC4D00410E6A = {
						CreatedOnToolsVersion = 8.2.1;
						DevelopmentTeam = CBMDJ4F8QJ;
						ProvisioningStyle = Automatic;
						TestTargetID = 34B844F51E3BBC4D00410E6A;
					};
				};
			};
			buildConfigurationList = 34B844F11E3BBC4D00410E6A /* Build configuration list for PBXProject "pickandgol_ios" */;
			compatibilityVersion = "Xcode 3.2";
			developmentRegion = English;
			hasScannedForEncodings = 0;
			knownRegions = (
				en,
				Base,
			);
			mainGroup = 34B844ED1E3BBC4D00410E6A;
			productRefGroup = 34B844F71E3BBC4D00410E6A /* Products */;
			projectDirPath = "";
			projectRoot = "";
			targets = (
				34B844F51E3BBC4D00410E6A /* pickandgol_ios */,
				34B845091E3BBC4D00410E6A /* pickandgol_iosTests */,
			);
		};
/* End PBXProject section */

/* Begin PBXResourcesBuildPhase section */
		34B844F41E3BBC4D00410E6A /* Resources */ = {
			isa = PBXResourcesBuildPhase;
			buildActionMask = 2147483647;
			files = (
				349F43FA1E54F33500A905FE /* Podfile in Resources */,
				34B845431E3BDDEF00410E6A /* Main.storyboard in Resources */,
				34B845631E3CD93300410E6A /* Login.storyboard in Resources */,
				34B845591E3CA49800410E6A /* Map.storyboard in Resources */,
				34B845041E3BBC4D00410E6A /* LaunchScreen.storyboard in Resources */,
				34B845571E3CA49000410E6A /* Timeline.storyboard in Resources */,
				34B8455F1E3CD91A00410E6A /* Notifications.storyboard in Resources */,
				349F43C41E505AE100A905FE /* Newitem.storyboard in Resources */,
				34B845611E3CD92100410E6A /* User.storyboard in Resources */,
				34B845651E3CFDCD00410E6A /* Assets.xcassets in Resources */,
			);
			runOnlyForDeploymentPostprocessing = 0;
		};
		34B845081E3BBC4D00410E6A /* Resources */ = {
			isa = PBXResourcesBuildPhase;
			buildActionMask = 2147483647;
			files = (
			);
			runOnlyForDeploymentPostprocessing = 0;
		};
/* End PBXResourcesBuildPhase section */

/* Begin PBXShellScriptBuildPhase section */
		3D05D8EF1AAF0AB54A25699E /* [CP] Copy Pods Resources */ = {
			isa = PBXShellScriptBuildPhase;
			buildActionMask = 2147483647;
			files = (
			);
			inputPaths = (
			);
			name = "[CP] Copy Pods Resources";
			outputPaths = (
			);
			runOnlyForDeploymentPostprocessing = 0;
			shellPath = /bin/sh;
			shellScript = "\"${SRCROOT}/Pods/Target Support Files/Pods-pickandgol_ios/Pods-pickandgol_ios-resources.sh\"\n";
			showEnvVarsInLog = 0;
		};
		7997C4F0470AC2FE86EFC689 /* [CP] Check Pods Manifest.lock */ = {
			isa = PBXShellScriptBuildPhase;
			buildActionMask = 2147483647;
			files = (
			);
			inputPaths = (
			);
			name = "[CP] Check Pods Manifest.lock";
			outputPaths = (
			);
			runOnlyForDeploymentPostprocessing = 0;
			shellPath = /bin/sh;
			shellScript = "diff \"${PODS_ROOT}/../Podfile.lock\" \"${PODS_ROOT}/Manifest.lock\" > /dev/null\nif [ $? != 0 ] ; then\n    # print error to STDERR\n    echo \"error: The sandbox is not in sync with the Podfile.lock. Run 'pod install' or update your CocoaPods installation.\" >&2\n    exit 1\nfi\n";
			showEnvVarsInLog = 0;
		};
		8DE3D5CF2D5D8CD98AEC4256 /* [CP] Embed Pods Frameworks */ = {
			isa = PBXShellScriptBuildPhase;
			buildActionMask = 2147483647;
			files = (
			);
			inputPaths = (
			);
			name = "[CP] Embed Pods Frameworks";
			outputPaths = (
			);
			runOnlyForDeploymentPostprocessing = 0;
			shellPath = /bin/sh;
			shellScript = "\"${SRCROOT}/Pods/Target Support Files/Pods-pickandgol_ios/Pods-pickandgol_ios-frameworks.sh\"\n";
			showEnvVarsInLog = 0;
		};
/* End PBXShellScriptBuildPhase section */

/* Begin PBXSourcesBuildPhase section */
		34B844F21E3BBC4D00410E6A /* Sources */ = {
			isa = PBXSourcesBuildPhase;
			buildActionMask = 2147483647;
			files = (
				349F43DA1E54EB3E00A905FE /* UserApiRepository.swift in Sources */,
				349F43DC1E54EB4E00A905FE /* UserDataBaseRepository.swift in Sources */,
				349F44001E55015100A905FE /* ApiPaths.swift in Sources */,
				349F43F21E54F21400A905FE /* UserDetailViewModel.swift in Sources */,
				A95C7F501E6B373E00765023 /* TimelineCollectionViewCell.swift in Sources */,
				34E70B551E64B50D00430649 /* UITextField+isValid.swift in Sources */,
				349F43EE1E54EEDE00A905FE /* UserDetailViewController.swift in Sources */,
				349F43DF1E54EBB800A905FE /* JSONDecodable.swift in Sources */,
				349F43E01E54EBB800A905FE /* JSONDecodingError.swift in Sources */,
				34D9523C1E59B35800410032 /* RegisterViewModel.swift in Sources */,
				34B8456B1E3D1F0D00410E6A /* LoginViewController.swift in Sources */,
				34B844FA1E3BBC4D00410E6A /* AppDelegate.swift in Sources */,
				34B8456F1E3D264F00410E6A /* PruebaInstatiateVC.swift in Sources */,
				34D9523A1E59B1B800410032 /* MainLoginViewController.swift in Sources */,
				349F43F01E54F20700A905FE /* LoginViewModel.swift in Sources */,
				34D952381E59AF8C00410032 /* RegisterViewController.swift in Sources */,
				349F43E21E54EBEB00A905FE /* UserModel.swift in Sources */,
				34B8456D1E3D229100410E6A /* UIStoryboard+Storyboard.swift in Sources */,
				349F43E41E54EC2B00A905FE /* UserModelStruct.swift in Sources */,
				349F43E61E54EC3B00A905FE /* UserModelStruct+JSONDecodable.swift in Sources */,
			);
			runOnlyForDeploymentPostprocessing = 0;
		};
		34B845061E3BBC4D00410E6A /* Sources */ = {
			isa = PBXSourcesBuildPhase;
			buildActionMask = 2147483647;
			files = (
				34B8450F1E3BBC4D00410E6A /* pickandgol_iosTests.swift in Sources */,
			);
			runOnlyForDeploymentPostprocessing = 0;
		};
/* End PBXSourcesBuildPhase section */

/* Begin PBXTargetDependency section */
		34B8450C1E3BBC4D00410E6A /* PBXTargetDependency */ = {
			isa = PBXTargetDependency;
			target = 34B844F51E3BBC4D00410E6A /* pickandgol_ios */;
			targetProxy = 34B8450B1E3BBC4D00410E6A /* PBXContainerItemProxy */;
		};
/* End PBXTargetDependency section */

/* Begin PBXVariantGroup section */
		34B845021E3BBC4D00410E6A /* LaunchScreen.storyboard */ = {
			isa = PBXVariantGroup;
			children = (
				34B845031E3BBC4D00410E6A /* Base */,
			);
			name = LaunchScreen.storyboard;
			sourceTree = "<group>";
		};
/* End PBXVariantGroup section */

/* Begin XCBuildConfiguration section */
		34B845111E3BBC4D00410E6A /* Debug */ = {
			isa = XCBuildConfiguration;
			buildSettings = {
				ALWAYS_SEARCH_USER_PATHS = NO;
				CLANG_ANALYZER_NONNULL = YES;
				CLANG_CXX_LANGUAGE_STANDARD = "gnu++0x";
				CLANG_CXX_LIBRARY = "libc++";
				CLANG_ENABLE_MODULES = YES;
				CLANG_ENABLE_OBJC_ARC = YES;
				CLANG_WARN_BOOL_CONVERSION = YES;
				CLANG_WARN_CONSTANT_CONVERSION = YES;
				CLANG_WARN_DIRECT_OBJC_ISA_USAGE = YES_ERROR;
				CLANG_WARN_DOCUMENTATION_COMMENTS = YES;
				CLANG_WARN_EMPTY_BODY = YES;
				CLANG_WARN_ENUM_CONVERSION = YES;
				CLANG_WARN_INFINITE_RECURSION = YES;
				CLANG_WARN_INT_CONVERSION = YES;
				CLANG_WARN_OBJC_ROOT_CLASS = YES_ERROR;
				CLANG_WARN_SUSPICIOUS_MOVE = YES;
				CLANG_WARN_UNREACHABLE_CODE = YES;
				CLANG_WARN__DUPLICATE_METHOD_MATCH = YES;
				"CODE_SIGN_IDENTITY[sdk=iphoneos*]" = "iPhone Developer";
				COPY_PHASE_STRIP = NO;
				DEBUG_INFORMATION_FORMAT = dwarf;
				ENABLE_STRICT_OBJC_MSGSEND = YES;
				ENABLE_TESTABILITY = YES;
				GCC_C_LANGUAGE_STANDARD = gnu99;
				GCC_DYNAMIC_NO_PIC = NO;
				GCC_NO_COMMON_BLOCKS = YES;
				GCC_OPTIMIZATION_LEVEL = 0;
				GCC_PREPROCESSOR_DEFINITIONS = (
					"DEBUG=1",
					"$(inherited)",
				);
				GCC_WARN_64_TO_32_BIT_CONVERSION = YES;
				GCC_WARN_ABOUT_RETURN_TYPE = YES_ERROR;
				GCC_WARN_UNDECLARED_SELECTOR = YES;
				GCC_WARN_UNINITIALIZED_AUTOS = YES_AGGRESSIVE;
				GCC_WARN_UNUSED_FUNCTION = YES;
				GCC_WARN_UNUSED_VARIABLE = YES;
				IPHONEOS_DEPLOYMENT_TARGET = 10.2;
				MTL_ENABLE_DEBUG_INFO = YES;
				ONLY_ACTIVE_ARCH = YES;
				SDKROOT = iphoneos;
				SWIFT_ACTIVE_COMPILATION_CONDITIONS = DEBUG;
				SWIFT_OPTIMIZATION_LEVEL = "-Onone";
			};
			name = Debug;
		};
		34B845121E3BBC4D00410E6A /* Release */ = {
			isa = XCBuildConfiguration;
			buildSettings = {
				ALWAYS_SEARCH_USER_PATHS = NO;
				CLANG_ANALYZER_NONNULL = YES;
				CLANG_CXX_LANGUAGE_STANDARD = "gnu++0x";
				CLANG_CXX_LIBRARY = "libc++";
				CLANG_ENABLE_MODULES = YES;
				CLANG_ENABLE_OBJC_ARC = YES;
				CLANG_WARN_BOOL_CONVERSION = YES;
				CLANG_WARN_CONSTANT_CONVERSION = YES;
				CLANG_WARN_DIRECT_OBJC_ISA_USAGE = YES_ERROR;
				CLANG_WARN_DOCUMENTATION_COMMENTS = YES;
				CLANG_WARN_EMPTY_BODY = YES;
				CLANG_WARN_ENUM_CONVERSION = YES;
				CLANG_WARN_INFINITE_RECURSION = YES;
				CLANG_WARN_INT_CONVERSION = YES;
				CLANG_WARN_OBJC_ROOT_CLASS = YES_ERROR;
				CLANG_WARN_SUSPICIOUS_MOVE = YES;
				CLANG_WARN_UNREACHABLE_CODE = YES;
				CLANG_WARN__DUPLICATE_METHOD_MATCH = YES;
				"CODE_SIGN_IDENTITY[sdk=iphoneos*]" = "iPhone Developer";
				COPY_PHASE_STRIP = NO;
				DEBUG_INFORMATION_FORMAT = "dwarf-with-dsym";
				ENABLE_NS_ASSERTIONS = NO;
				ENABLE_STRICT_OBJC_MSGSEND = YES;
				GCC_C_LANGUAGE_STANDARD = gnu99;
				GCC_NO_COMMON_BLOCKS = YES;
				GCC_WARN_64_TO_32_BIT_CONVERSION = YES;
				GCC_WARN_ABOUT_RETURN_TYPE = YES_ERROR;
				GCC_WARN_UNDECLARED_SELECTOR = YES;
				GCC_WARN_UNINITIALIZED_AUTOS = YES_AGGRESSIVE;
				GCC_WARN_UNUSED_FUNCTION = YES;
				GCC_WARN_UNUSED_VARIABLE = YES;
				IPHONEOS_DEPLOYMENT_TARGET = 10.2;
				MTL_ENABLE_DEBUG_INFO = NO;
				SDKROOT = iphoneos;
				SWIFT_OPTIMIZATION_LEVEL = "-Owholemodule";
				VALIDATE_PRODUCT = YES;
			};
			name = Release;
		};
		34B845141E3BBC4D00410E6A /* Debug */ = {
			isa = XCBuildConfiguration;
			baseConfigurationReference = 65B20C08AA10E8CE98B79D52 /* Pods-pickandgol_ios.debug.xcconfig */;
			buildSettings = {
				ASSETCATALOG_COMPILER_APPICON_NAME = AppIcon;
				DEVELOPMENT_TEAM = CBMDJ4F8QJ;
				INFOPLIST_FILE = pickandgol_ios/Info.plist;
				IPHONEOS_DEPLOYMENT_TARGET = 9.0;
				LD_RUNPATH_SEARCH_PATHS = "$(inherited) @executable_path/Frameworks";
				PRODUCT_BUNDLE_IDENTIFIER = "com.pickandgol.pickandgol-ios";
				PRODUCT_NAME = "$(TARGET_NAME)";
				SWIFT_VERSION = 3.0;
			};
			name = Debug;
		};
		34B845151E3BBC4D00410E6A /* Release */ = {
			isa = XCBuildConfiguration;
			baseConfigurationReference = 2ABFDB01C706FE97FCEAAF0F /* Pods-pickandgol_ios.release.xcconfig */;
			buildSettings = {
				ASSETCATALOG_COMPILER_APPICON_NAME = AppIcon;
				DEVELOPMENT_TEAM = CBMDJ4F8QJ;
				INFOPLIST_FILE = pickandgol_ios/Info.plist;
				IPHONEOS_DEPLOYMENT_TARGET = 9.0;
				LD_RUNPATH_SEARCH_PATHS = "$(inherited) @executable_path/Frameworks";
				PRODUCT_BUNDLE_IDENTIFIER = "com.pickandgol.pickandgol-ios";
				PRODUCT_NAME = "$(TARGET_NAME)";
				SWIFT_VERSION = 3.0;
			};
			name = Release;
		};
		34B845171E3BBC4D00410E6A /* Debug */ = {
			isa = XCBuildConfiguration;
			buildSettings = {
				ALWAYS_EMBED_SWIFT_STANDARD_LIBRARIES = YES;
				BUNDLE_LOADER = "$(TEST_HOST)";
				DEVELOPMENT_TEAM = CBMDJ4F8QJ;
				INFOPLIST_FILE = pickandgol_iosTests/Info.plist;
				LD_RUNPATH_SEARCH_PATHS = "$(inherited) @executable_path/Frameworks @loader_path/Frameworks";
				PRODUCT_BUNDLE_IDENTIFIER = "com.pickandgol.pickandgol-iosTests";
				PRODUCT_NAME = "$(TARGET_NAME)";
				SWIFT_VERSION = 3.0;
				TEST_HOST = "$(BUILT_PRODUCTS_DIR)/pickandgol_ios.app/pickandgol_ios";
			};
			name = Debug;
		};
		34B845181E3BBC4D00410E6A /* Release */ = {
			isa = XCBuildConfiguration;
			buildSettings = {
				ALWAYS_EMBED_SWIFT_STANDARD_LIBRARIES = YES;
				BUNDLE_LOADER = "$(TEST_HOST)";
				DEVELOPMENT_TEAM = CBMDJ4F8QJ;
				INFOPLIST_FILE = pickandgol_iosTests/Info.plist;
				LD_RUNPATH_SEARCH_PATHS = "$(inherited) @executable_path/Frameworks @loader_path/Frameworks";
				PRODUCT_BUNDLE_IDENTIFIER = "com.pickandgol.pickandgol-iosTests";
				PRODUCT_NAME = "$(TARGET_NAME)";
				SWIFT_VERSION = 3.0;
				TEST_HOST = "$(BUILT_PRODUCTS_DIR)/pickandgol_ios.app/pickandgol_ios";
			};
			name = Release;
		};
/* End XCBuildConfiguration section */

/* Begin XCConfigurationList section */
		34B844F11E3BBC4D00410E6A /* Build configuration list for PBXProject "pickandgol_ios" */ = {
			isa = XCConfigurationList;
			buildConfigurations = (
				34B845111E3BBC4D00410E6A /* Debug */,
				34B845121E3BBC4D00410E6A /* Release */,
			);
			defaultConfigurationIsVisible = 0;
			defaultConfigurationName = Release;
		};
		34B845131E3BBC4D00410E6A /* Build configuration list for PBXNativeTarget "pickandgol_ios" */ = {
			isa = XCConfigurationList;
			buildConfigurations = (
				34B845141E3BBC4D00410E6A /* Debug */,
				34B845151E3BBC4D00410E6A /* Release */,
			);
			defaultConfigurationIsVisible = 0;
			defaultConfigurationName = Release;
		};
		34B845161E3BBC4D00410E6A /* Build configuration list for PBXNativeTarget "pickandgol_iosTests" */ = {
			isa = XCConfigurationList;
			buildConfigurations = (
				34B845171E3BBC4D00410E6A /* Debug */,
				34B845181E3BBC4D00410E6A /* Release */,
			);
			defaultConfigurationIsVisible = 0;
			defaultConfigurationName = Release;
		};
/* End XCConfigurationList section */
	};
	rootObject = 34B844EE1E3BBC4D00410E6A /* Project object */;
}
